github.com/petermattis/goid v0.0.0-20220331194723-8ee3e6ded87a h1:VXRRto5GMJPNfB7MNbUVoFhtxwoYjBEsIt/NpWg42U0=
github.com/petermattis/goid v0.0.0-20220331194723-8ee3e6ded87a/go.mod h1:pxMtw7cyUw6B2bRH0ZBANSPg+AoSud1I1iyJHI69jH4=
golang.org/x/sys v0.12.0 h1:CM0HF96J0hcLAwsHPJZjfdNzs0gftsLfgKt57wWHJ0o=
golang.org/x/sys v0.12.0/go.mod h1:oPkhp1MJrh7nUepCBck5+mAzfO9JrbApNNgaTdGDITg=
